
Microsoft Visual Studio Solution File, Format Version 12.00
# Visual Studio Version 16
VisualStudioVersion = 25.0.1704.4
MinimumVisualStudioVersion = 10.0.40219.1
Project("{FAE04EC0-301F-11D3-BF4B-00C04F79EFBC}") = "CustomerHash1", "CustomerHash1.csproj", "{65F97654-0E16-478F-B913-50C9C20CBF87}"
EndProject
Global
	GlobalSection(SolutionConfigurationPlatforms) = preSolution
		Debug|Any CPU = Debug|Any CPU
		Release|Any CPU = Release|Any CPU
	EndGlobalSection
	GlobalSection(ProjectConfigurationPlatforms) = postSolution
		{65F97654-0E16-478F-B913-50C9C20CBF87}.Debug|Any CPU.ActiveCfg = Debug|Any CPU
		{65F97654-0E16-478F-B913-50C9C20CBF87}.Debug|Any CPU.Build.0 = Debug|Any CPU
		{65F97654-0E16-478F-B913-50C9C20CBF87}.Release|Any CPU.ActiveCfg = Release|Any CPU
		{65F97654-0E16-478F-B913-50C9C20CBF87}.Release|Any CPU.Build.0 = Release|Any CPU
	EndGlobalSection
	GlobalSection(SolutionProperties) = preSolution
		HideSolutionNode = FALSE
	EndGlobalSection
	GlobalSection(ExtensibilityGlobals) = postSolution
		SolutionGuid = {EFBE6B7C-23B3-4A16-A168-0B1890B32447}
	EndGlobalSection
EndGlobal
